
Microsoft Visual Studio Solution File, Format Version 12.00
# Visual Studio Version 16
VisualStudioVersion = 16.0.31313.79
MinimumVisualStudioVersion = 10.0.40219.1
Project("{8BC9CEB8-8B4A-11D0-8D11-00A0C91BC942}") = "lights", "lights.vcxproj", "{BA42DA00-E226-4394-AA85-C7612E9C4BF9}"
EndProject
Global
	GlobalSection(SolutionConfigurationPlatforms) = preSolution
		Debug|x64 = Debug|x64
		Debug|x86 = Debug|x86
		Release|x64 = Release|x64
		Release|x86 = Release|x86
	EndGlobalSection
	GlobalSection(ProjectConfigurationPlatforms) = postSolution
		{BA42DA00-E226-4394-AA85-C7612E9C4BF9}.Debug|x64.ActiveCfg = Debug|x64
		{BA42DA00-E226-4394-AA85-C7612E9C4BF9}.Debug|x64.Build.0 = Debug|x64
		{BA42DA00-E226-4394-AA85-C7612E9C4BF9}.Debug|x86.ActiveCfg = Debug|Win32
		{BA42DA00-E226-4394-AA85-C7612E9C4BF9}.Debug|x86.Build.0 = Debug|Win32
		{BA42DA00-E226-4394-AA85-C7612E9C4BF9}.Release|x64.ActiveCfg = Release|x64
		{BA42DA00-E226-4394-AA85-C7612E9C4BF9}.Release|x64.Build.0 = Release|x64
		{BA42DA00-E226-4394-AA85-C7612E9C4BF9}.Release|x86.ActiveCfg = Release|Win32
		{BA42DA00-E226-4394-AA85-C7612E9C4BF9}.Release|x86.Build.0 = Release|Win32
	EndGlobalSection
	GlobalSection(SolutionProperties) = preSolution
		HideSolutionNode = FALSE
	EndGlobalSection
	GlobalSection(ExtensibilityGlobals) = postSolution
		SolutionGuid = {D44F64E2-5B42-401E-962B-2975A53AEE18}
	EndGlobalSection
EndGlobal
